
Microsoft Visual Studio Solution File, Format Version 12.00
# Visual Studio Version 17
VisualStudioVersion = 17.9.34701.34
MinimumVisualStudioVersion = 10.0.40219.1
Project("{9A19103F-16F7-4668-BE54-9A1E7A4F7556}") = "ShopXanh", "ShopXanh\ShopXanh.csproj", "{E195A3F9-2B2C-42CB-9FE3-2F717FC78C89}"
EndProject
Global
	GlobalSection(SolutionConfigurationPlatforms) = preSolution
		Debug|Any CPU = Debug|Any CPU
		Release|Any CPU = Release|Any CPU
	EndGlobalSection
	GlobalSection(ProjectConfigurationPlatforms) = postSolution
		{E195A3F9-2B2C-42CB-9FE3-2F717FC78C89}.Debug|Any CPU.ActiveCfg = Debug|Any CPU
		{E195A3F9-2B2C-42CB-9FE3-2F717FC78C89}.Debug|Any CPU.Build.0 = Debug|Any CPU
		{E195A3F9-2B2C-42CB-9FE3-2F717FC78C89}.Release|Any CPU.ActiveCfg = Release|Any CPU
		{E195A3F9-2B2C-42CB-9FE3-2F717FC78C89}.Release|Any CPU.Build.0 = Release|Any CPU
	EndGlobalSection
	GlobalSection(SolutionProperties) = preSolution
		HideSolutionNode = FALSE
	EndGlobalSection
	GlobalSection(ExtensibilityGlobals) = postSolution
		SolutionGuid = {649AE2C5-557D-4C22-95F5-77C9B0AD7626}
	EndGlobalSection
EndGlobal
